// !$*UTF8*$!
{
	archiveVersion = 1;
	classes = {
	};
	objectVersion = 56;
	objects = {

/* Begin PBXBuildFile section */
		3740FAF22BEBC5D400611A45 /* ColorSwitchButton.swift in Sources */ = {isa = PBXBuildFile; fileRef = 3740FAF12BEBC5D400611A45 /* ColorSwitchButton.swift */; };
		375F45432BECD8F40072204E /* TitleView.swift in Sources */ = {isa = PBXBuildFile; fileRef = 375F45422BECD8F40072204E /* TitleView.swift */; };
		375F45452BECDAA90072204E /* InterfaceDesignView.swift in Sources */ = {isa = PBXBuildFile; fileRef = 375F45442BECDAA90072204E /* InterfaceDesignView.swift */; };
		376D9CAD2BEB754700A23FF2 /* PickerView.swift in Sources */ = {isa = PBXBuildFile; fileRef = 376D9CAC2BEB754700A23FF2 /* PickerView.swift */; };
		376D9CAF2BEB7A2200A23FF2 /* UserImage.swift in Sources */ = {isa = PBXBuildFile; fileRef = 376D9CAE2BEB7A2200A23FF2 /* UserImage.swift */; };
		376D9CB32BEB8C4200A23FF2 /* UserConnectedView.swift in Sources */ = {isa = PBXBuildFile; fileRef = 376D9CB22BEB8C4200A23FF2 /* UserConnectedView.swift */; };
		3772E2492BE7D7B400B6E466 /* LoginPassWordApp.swift in Sources */ = {isa = PBXBuildFile; fileRef = 3772E2482BE7D7B400B6E466 /* LoginPassWordApp.swift */; };
		3772E24B2BE7D7B400B6E466 /* ContentView.swift in Sources */ = {isa = PBXBuildFile; fileRef = 3772E24A2BE7D7B400B6E466 /* ContentView.swift */; };
		3772E24D2BE7D7B600B6E466 /* Assets.xcassets in Resources */ = {isa = PBXBuildFile; fileRef = 3772E24C2BE7D7B600B6E466 /* Assets.xcassets */; };
		3772E2502BE7D7B600B6E466 /* Preview Assets.xcassets in Resources */ = {isa = PBXBuildFile; fileRef = 3772E24F2BE7D7B600B6E466 /* Preview Assets.xcassets */; };
		3772E25A2BE7D9CE00B6E466 /* User.swift in Sources */ = {isa = PBXBuildFile; fileRef = 3772E2592BE7D9CE00B6E466 /* User.swift */; };
		379F3DFE2BE9130200C9EE2F /* ListData.swift in Sources */ = {isa = PBXBuildFile; fileRef = 379F3DFD2BE9130200C9EE2F /* ListData.swift */; };
/* End PBXBuildFile section */

/* Begin PBXFileReference section */
		3740FAF12BEBC5D400611A45 /* ColorSwitchButton.swift */ = {isa = PBXFileReference; lastKnownFileType = sourcecode.swift; path = ColorSwitchButton.swift; sourceTree = "<group>"; };
		375F45422BECD8F40072204E /* TitleView.swift */ = {isa = PBXFileReference; lastKnownFileType = sourcecode.swift; path = TitleView.swift; sourceTree = "<group>"; };
		375F45442BECDAA90072204E /* InterfaceDesignView.swift */ = {isa = PBXFileReference; lastKnownFileType = sourcecode.swift; path = InterfaceDesignView.swift; sourceTree = "<group>"; };
		376D9CAC2BEB754700A23FF2 /* PickerView.swift */ = {isa = PBXFileReference; lastKnownFileType = sourcecode.swift; path = PickerView.swift; sourceTree = "<group>"; };
		376D9CAE2BEB7A2200A23FF2 /* UserImage.swift */ = {isa = PBXFileReference; lastKnownFileType = sourcecode.swift; path = UserImage.swift; sourceTree = "<group>"; };
		376D9CB22BEB8C4200A23FF2 /* UserConnectedView.swift */ = {isa = PBXFileReference; lastKnownFileType = sourcecode.swift; path = UserConnectedView.swift; sourceTree = "<group>"; };
		3772E2452BE7D7B400B6E466 /* LoginPassWord.app */ = {isa = PBXFileReference; explicitFileType = wrapper.application; includeInIndex = 0; path = LoginPassWord.app; sourceTree = BUILT_PRODUCTS_DIR; };
		3772E2482BE7D7B400B6E466 /* LoginPassWordApp.swift */ = {isa = PBXFileReference; lastKnownFileType = sourcecode.swift; path = LoginPassWordApp.swift; sourceTree = "<group>"; };
		3772E24A2BE7D7B400B6E466 /* ContentView.swift */ = {isa = PBXFileReference; lastKnownFileType = sourcecode.swift; path = ContentView.swift; sourceTree = "<group>"; };
		3772E24C2BE7D7B600B6E466 /* Assets.xcassets */ = {isa = PBXFileReference; lastKnownFileType = folder.assetcatalog; path = Assets.xcassets; sourceTree = "<group>"; };
		3772E24F2BE7D7B600B6E466 /* Preview Assets.xcassets */ = {isa = PBXFileReference; lastKnownFileType = folder.assetcatalog; path = "Preview Assets.xcassets"; sourceTree = "<group>"; };
		3772E2592BE7D9CE00B6E466 /* User.swift */ = {isa = PBXFileReference; lastKnownFileType = sourcecode.swift; path = User.swift; sourceTree = "<group>"; };
		379F3DFD2BE9130200C9EE2F /* ListData.swift */ = {isa = PBXFileReference; lastKnownFileType = sourcecode.swift; path = ListData.swift; sourceTree = "<group>"; };
/* End PBXFileReference section */

/* Begin PBXFrameworksBuildPhase section */
		3772E2422BE7D7B400B6E466 /* Frameworks */ = {
			isa = PBXFrameworksBuildPhase;
			buildActionMask = 2147483647;
			files = (
			);
			runOnlyForDeploymentPostprocessing = 0;
		};
/* End PBXFrameworksBuildPhase section */

/* Begin PBXGroup section */
		3772E23C2BE7D7B400B6E466 = {
			isa = PBXGroup;
			children = (
				3772E2472BE7D7B400B6E466 /* LoginPassWord */,
				3772E2462BE7D7B400B6E466 /* Products */,
			);
			sourceTree = "<group>";
		};
		3772E2462BE7D7B400B6E466 /* Products */ = {
			isa = PBXGroup;
			children = (
				3772E2452BE7D7B400B6E466 /* LoginPassWord.app */,
			);
			name = Products;
			sourceTree = "<group>";
		};
		3772E2472BE7D7B400B6E466 /* LoginPassWord */ = {
			isa = PBXGroup;
			children = (
				3772E2482BE7D7B400B6E466 /* LoginPassWordApp.swift */,
				3772E2582BE7D87A00B6E466 /* ViewModel */,
				3772E2572BE7D83C00B6E466 /* View */,
				3772E2562BE7D83000B6E466 /* Model */,
				3772E24C2BE7D7B600B6E466 /* Assets.xcassets */,
				3772E24E2BE7D7B600B6E466 /* Preview Content */,
			);
			path = LoginPassWord;
			sourceTree = "<group>";
		};
		3772E24E2BE7D7B600B6E466 /* Preview Content */ = {
			isa = PBXGroup;
			children = (
				3772E24F2BE7D7B600B6E466 /* Preview Assets.xcassets */,
			);
			path = "Preview Content";
			sourceTree = "<group>";
		};
		3772E2562BE7D83000B6E466 /* Model */ = {
			isa = PBXGroup;
			children = (
				3772E2592BE7D9CE00B6E466 /* User.swift */,
				379F3DFD2BE9130200C9EE2F /* ListData.swift */,
			);
			path = Model;
			sourceTree = "<group>";
		};
		3772E2572BE7D83C00B6E466 /* View */ = {
			isa = PBXGroup;
			children = (
				3772E24A2BE7D7B400B6E466 /* ContentView.swift */,
				375F45442BECDAA90072204E /* InterfaceDesignView.swift */,
				375F45422BECD8F40072204E /* TitleView.swift */,
				3740FAF12BEBC5D400611A45 /* ColorSwitchButton.swift */,
				376D9CB22BEB8C4200A23FF2 /* UserConnectedView.swift */,
				376D9CAC2BEB754700A23FF2 /* PickerView.swift */,
				376D9CAE2BEB7A2200A23FF2 /* UserImage.swift */,
			);
			path = View;
			sourceTree = "<group>";
		};
		3772E2582BE7D87A00B6E466 /* ViewModel */ = {
			isa = PBXGroup;
			children = (
			);
			path = ViewModel;
			sourceTree = "<group>";
		};
/* End PBXGroup section */

/* Begin PBXNativeTarget section */
		3772E2442BE7D7B400B6E466 /* LoginPassWord */ = {
			isa = PBXNativeTarget;
			buildConfigurationList = 3772E2532BE7D7B600B6E466 /* Build configuration list for PBXNativeTarget "LoginPassWord" */;
			buildPhases = (
				3772E2412BE7D7B400B6E466 /* Sources */,
				3772E2422BE7D7B400B6E466 /* Frameworks */,
				3772E2432BE7D7B400B6E466 /* Resources */,
			);
			buildRules = (
			);
			dependencies = (
			);
			name = LoginPassWord;
			productName = LoginPassWord;
			productReference = 3772E2452BE7D7B400B6E466 /* LoginPassWord.app */;
			productType = "com.apple.product-type.application";
		};
/* End PBXNativeTarget section */

/* Begin PBXProject section */
		3772E23D2BE7D7B400B6E466 /* Project object */ = {
			isa = PBXProject;
			attributes = {
				BuildIndependentTargetsInParallel = 1;
				LastSwiftUpdateCheck = 1530;
				LastUpgradeCheck = 1530;
				TargetAttributes = {
					3772E2442BE7D7B400B6E466 = {
						CreatedOnToolsVersion = 15.3;
					};
				};
			};
			buildConfigurationList = 3772E2402BE7D7B400B6E466 /* Build configuration list for PBXProject "LoginPassWord" */;
			compatibilityVersion = "Xcode 14.0";
			developmentRegion = en;
			hasScannedForEncodings = 0;
			knownRegions = (
				en,
				Base,
			);
			mainGroup = 3772E23C2BE7D7B400B6E466;
			productRefGroup = 3772E2462BE7D7B400B6E466 /* Products */;
			projectDirPath = "";
			projectRoot = "";
			targets = (
				3772E2442BE7D7B400B6E466 /* LoginPassWord */,
			);
		};
/* End PBXProject section */

/* Begin PBXResourcesBuildPhase section */
		3772E2432BE7D7B400B6E466 /* Resources */ = {
			isa = PBXResourcesBuildPhase;
			buildActionMask = 2147483647;
			files = (
				3772E2502BE7D7B600B6E466 /* Preview Assets.xcassets in Resources */,
				3772E24D2BE7D7B600B6E466 /* Assets.xcassets in Resources */,
			);
			runOnlyForDeploymentPostprocessing = 0;
		};
/* End PBXResourcesBuildPhase section */

/* Begin PBXSourcesBuildPhase section */
		3772E2412BE7D7B400B6E466 /* Sources */ = {
			isa = PBXSourcesBuildPhase;
			buildActionMask = 2147483647;
			files = (
				3772E24B2BE7D7B400B6E466 /* ContentView.swift in Sources */,
				3772E25A2BE7D9CE00B6E466 /* User.swift in Sources */,
				376D9CAF2BEB7A2200A23FF2 /* UserImage.swift in Sources */,
				3772E2492BE7D7B400B6E466 /* LoginPassWordApp.swift in Sources */,
				376D9CB32BEB8C4200A23FF2 /* UserConnectedView.swift in Sources */,
				375F45432BECD8F40072204E /* TitleView.swift in Sources */,
				375F45452BECDAA90072204E /* InterfaceDesignView.swift in Sources */,
				376D9CAD2BEB754700A23FF2 /* PickerView.swift in Sources */,
				379F3DFE2BE9130200C9EE2F /* ListData.swift in Sources */,
				3740FAF22BEBC5D400611A45 /* ColorSwitchButton.swift in Sources */,
			);
			runOnlyForDeploymentPostprocessing = 0;
		};
/* End PBXSourcesBuildPhase section */

/* Begin XCBuildConfiguration section */
		3772E2512BE7D7B600B6E466 /* Debug */ = {
			isa = XCBuildConfiguration;
			buildSettings = {
				ALWAYS_SEARCH_USER_PATHS = NO;
				ASSETCATALOG_COMPILER_GENERATE_SWIFT_ASSET_SYMBOL_EXTENSIONS = YES;
				CLANG_ANALYZER_NONNULL = YES;
				CLANG_ANALYZER_NUMBER_OBJECT_CONVERSION = YES_AGGRESSIVE;
				CLANG_CXX_LANGUAGE_STANDARD = "gnu++20";
				CLANG_ENABLE_MODULES = YES;
				CLANG_ENABLE_OBJC_ARC = YES;
				CLANG_ENABLE_OBJC_WEAK = YES;
				CLANG_WARN_BLOCK_CAPTURE_AUTORELEASING = YES;
				CLANG_WARN_BOOL_CONVERSION = YES;
				CLANG_WARN_COMMA = YES;
				CLANG_WARN_CONSTANT_CONVERSION = YES;
				CLANG_WARN_DEPRECATED_OBJC_IMPLEMENTATIONS = YES;
				CLANG_WARN_DIRECT_OBJC_ISA_USAGE = YES_ERROR;
				CLANG_WARN_DOCUMENTATION_COMMENTS = YES;
				CLANG_WARN_EMPTY_BODY = YES;
				CLANG_WARN_ENUM_CONVERSION = YES;
				CLANG_WARN_INFINITE_RECURSION = YES;
				CLANG_WARN_INT_CONVERSION = YES;
				CLANG_WARN_NON_LITERAL_NULL_CONVERSION = YES;
				CLANG_WARN_OBJC_IMPLICIT_RETAIN_SELF = YES;
				CLANG_WARN_OBJC_LITERAL_CONVERSION = YES;
				CLANG_WARN_OBJC_ROOT_CLASS = YES_ERROR;
				CLANG_WARN_QUOTED_INCLUDE_IN_FRAMEWORK_HEADER = YES;
				CLANG_WARN_RANGE_LOOP_ANALYSIS = YES;
				CLANG_WARN_STRICT_PROTOTYPES = YES;
				CLANG_WARN_SUSPICIOUS_MOVE = YES;
				CLANG_WARN_UNGUARDED_AVAILABILITY = YES_AGGRESSIVE;
				CLANG_WARN_UNREACHABLE_CODE = YES;
				CLANG_WARN__DUPLICATE_METHOD_MATCH = YES;
				COPY_PHASE_STRIP = NO;
				DEBUG_INFORMATION_FORMAT = dwarf;
				ENABLE_STRICT_OBJC_MSGSEND = YES;
				ENABLE_TESTABILITY = YES;
				ENABLE_USER_SCRIPT_SANDBOXING = YES;
				GCC_C_LANGUAGE_STANDARD = gnu17;
				GCC_DYNAMIC_NO_PIC = NO;
				GCC_NO_COMMON_BLOCKS = YES;
				GCC_OPTIMIZATION_LEVEL = 0;
				GCC_PREPROCESSOR_DEFINITIONS = (
					"DEBUG=1",
					"$(inherited)",
				);
				GCC_WARN_64_TO_32_BIT_CONVERSION = YES;
				GCC_WARN_ABOUT_RETURN_TYPE = YES_ERROR;
				GCC_WARN_UNDECLARED_SELECTOR = YES;
				GCC_WARN_UNINITIALIZED_AUTOS = YES_AGGRESSIVE;
				GCC_WARN_UNUSED_FUNCTION = YES;
				GCC_WARN_UNUSED_VARIABLE = YES;
				IPHONEOS_DEPLOYMENT_TARGET = 17.4;
				LOCALIZATION_PREFERS_STRING_CATALOGS = YES;
				MTL_ENABLE_DEBUG_INFO = INCLUDE_SOURCE;
				MTL_FAST_MATH = YES;
				ONLY_ACTIVE_ARCH = YES;
				SDKROOT = iphoneos;
				SWIFT_ACTIVE_COMPILATION_CONDITIONS = "DEBUG $(inherited)";
				SWIFT_OPTIMIZATION_LEVEL = "-Onone";
			};
			name = Debug;
		};
		3772E2522BE7D7B600B6E466 /* Release */ = {
			isa = XCBuildConfiguration;
			buildSettings = {
				ALWAYS_SEARCH_USER_PATHS = NO;
				ASSETCATALOG_COMPILER_GENERATE_SWIFT_ASSET_SYMBOL_EXTENSIONS = YES;
				CLANG_ANALYZER_NONNULL = YES;
				CLANG_ANALYZER_NUMBER_OBJECT_CONVERSION = YES_AGGRESSIVE;
				CLANG_CXX_LANGUAGE_STANDARD = "gnu++20";
				CLANG_ENABLE_MODULES = YES;
				CLANG_ENABLE_OBJC_ARC = YES;
				CLANG_ENABLE_OBJC_WEAK = YES;
				CLANG_WARN_BLOCK_CAPTURE_AUTORELEASING = YES;
				CLANG_WARN_BOOL_CONVERSION = YES;
				CLANG_WARN_COMMA = YES;
				CLANG_WARN_CONSTANT_CONVERSION = YES;
				CLANG_WARN_DEPRECATED_OBJC_IMPLEMENTATIONS = YES;
				CLANG_WARN_DIRECT_OBJC_ISA_USAGE = YES_ERROR;
				CLANG_WARN_DOCUMENTATION_COMMENTS = YES;
				CLANG_WARN_EMPTY_BODY = YES;
				CLANG_WARN_ENUM_CONVERSION = YES;
				CLANG_WARN_INFINITE_RECURSION = YES;
				CLANG_WARN_INT_CONVERSION = YES;
				CLANG_WARN_NON_LITERAL_NULL_CONVERSION = YES;
				CLANG_WARN_OBJC_IMPLICIT_RETAIN_SELF = YES;
				CLANG_WARN_OBJC_LITERAL_CONVERSION = YES;
				CLANG_WARN_OBJC_ROOT_CLASS = YES_ERROR;
				CLANG_WARN_QUOTED_INCLUDE_IN_FRAMEWORK_HEADER = YES;
				CLANG_WARN_RANGE_LOOP_ANALYSIS = YES;
				CLANG_WARN_STRICT_PROTOTYPES = YES;
				CLANG_WARN_SUSPICIOUS_MOVE = YES;
				CLANG_WARN_UNGUARDED_AVAILABILITY = YES_AGGRESSIVE;
				CLANG_WARN_UNREACHABLE_CODE = YES;
				CLANG_WARN__DUPLICATE_METHOD_MATCH = YES;
				COPY_PHASE_STRIP = NO;
				DEBUG_INFORMATION_FORMAT = "dwarf-with-dsym";
				ENABLE_NS_ASSERTIONS = NO;
				ENABLE_STRICT_OBJC_MSGSEND = YES;
				ENABLE_USER_SCRIPT_SANDBOXING = YES;
				GCC_C_LANGUAGE_STANDARD = gnu17;
				GCC_NO_COMMON_BLOCKS = YES;
				GCC_WARN_64_TO_32_BIT_CONVERSION = YES;
				GCC_WARN_ABOUT_RETURN_TYPE = YES_ERROR;
				GCC_WARN_UNDECLARED_SELECTOR = YES;
				GCC_WARN_UNINITIALIZED_AUTOS = YES_AGGRESSIVE;
				GCC_WARN_UNUSED_FUNCTION = YES;
				GCC_WARN_UNUSED_VARIABLE = YES;
				IPHONEOS_DEPLOYMENT_TARGET = 17.4;
				LOCALIZATION_PREFERS_STRING_CATALOGS = YES;
				MTL_ENABLE_DEBUG_INFO = NO;
				MTL_FAST_MATH = YES;
				SDKROOT = iphoneos;
				SWIFT_COMPILATION_MODE = wholemodule;
				VALIDATE_PRODUCT = YES;
			};
			name = Release;
		};
		3772E2542BE7D7B600B6E466 /* Debug */ = {
			isa = XCBuildConfiguration;
			buildSettings = {
				ASSETCATALOG_COMPILER_APPICON_NAME = AppIcon;
				ASSETCATALOG_COMPILER_GLOBAL_ACCENT_COLOR_NAME = AccentColor;
				CODE_SIGN_STYLE = Automatic;
				CURRENT_PROJECT_VERSION = 1;
				DEVELOPMENT_ASSET_PATHS = "\"LoginPassWord/Preview Content\"";
				DEVELOPMENT_TEAM = UGQ4YS2NK3;
				ENABLE_PREVIEWS = YES;
				GENERATE_INFOPLIST_FILE = YES;
				INFOPLIST_KEY_UIApplicationSceneManifest_Generation = YES;
				INFOPLIST_KEY_UIApplicationSupportsIndirectInputEvents = YES;
				INFOPLIST_KEY_UILaunchScreen_Generation = YES;
				INFOPLIST_KEY_UISupportedInterfaceOrientations = UIInterfaceOrientationPortrait;
				LD_RUNPATH_SEARCH_PATHS = (
					"$(inherited)",
					"@executable_path/Frameworks",
				);
				MARKETING_VERSION = 1.0;
				PRODUCT_BUNDLE_IDENTIFIER = com.titastus.LoginPassWord;
				PRODUCT_NAME = "$(TARGET_NAME)";
				SWIFT_EMIT_LOC_STRINGS = YES;
				SWIFT_VERSION = 5.0;
				TARGETED_DEVICE_FAMILY = "1,2";
			};
			name = Debug;
		};
		3772E2552BE7D7B600B6E466 /* Release */ = {
			isa = XCBuildConfiguration;
			buildSettings = {
				ASSETCATALOG_COMPILER_APPICON_NAME = AppIcon;
				ASSETCATALOG_COMPILER_GLOBAL_ACCENT_COLOR_NAME = AccentColor;
				CODE_SIGN_STYLE = Automatic;
				CURRENT_PROJECT_VERSION = 1;
				DEVELOPMENT_ASSET_PATHS = "\"LoginPassWord/Preview Content\"";
				DEVELOPMENT_TEAM = UGQ4YS2NK3;
				ENABLE_PREVIEWS = YES;
				GENERATE_INFOPLIST_FILE = YES;
				INFOPLIST_KEY_UIApplicationSceneManifest_Generation = YES;
				INFOPLIST_KEY_UIApplicationSupportsIndirectInputEvents = YES;
				INFOPLIST_KEY_UILaunchScreen_Generation = YES;
				INFOPLIST_KEY_UISupportedInterfaceOrientations = UIInterfaceOrientationPortrait;
				LD_RUNPATH_SEARCH_PATHS = (
					"$(inherited)",
					"@executable_path/Frameworks",
				);
				MARKETING_VERSION = 1.0;
				PRODUCT_BUNDLE_IDENTIFIER = com.titastus.LoginPassWord;
				PRODUCT_NAME = "$(TARGET_NAME)";
				SWIFT_EMIT_LOC_STRINGS = YES;
				SWIFT_VERSION = 5.0;
				TARGETED_DEVICE_FAMILY = "1,2";
			};
			name = Release;
		};
/* End XCBuildConfiguration section */

/* Begin XCConfigurationList section */
		3772E2402BE7D7B400B6E466 /* Build configuration list for PBXProject "LoginPassWord" */ = {
			isa = XCConfigurationList;
			buildConfigurations = (
				3772E2512BE7D7B600B6E466 /* Debug */,
				3772E2522BE7D7B600B6E466 /* Release */,
			);
			defaultConfigurationIsVisible = 0;
			defaultConfigurationName = Release;
		};
		3772E2532BE7D7B600B6E466 /* Build configuration list for PBXNativeTarget "LoginPassWord" */ = {
			isa = XCConfigurationList;
			buildConfigurations = (
				3772E2542BE7D7B600B6E466 /* Debug */,
				3772E2552BE7D7B600B6E466 /* Release */,
			);
			defaultConfigurationIsVisible = 0;
			defaultConfigurationName = Release;
		};
/* End XCConfigurationList section */
	};
	rootObject = 3772E23D2BE7D7B400B6E466 /* Project object */;
}
